
Microsoft Visual Studio Solution File, Format Version 12.00
# Visual Studio Version 16
VisualStudioVersion = 16.0.32002.261
MinimumVisualStudioVersion = 10.0.40219.1
Project("{2150E333-8FDC-42A3-9474-1A3956D46DE8}") = "src", "src", "{3FDB990E-43FD-429F-A896-710E594EB722}"
EndProject
Project("{2150E333-8FDC-42A3-9474-1A3956D46DE8}") = "tests", "tests", "{EB0D1B53-CFD0-433A-B05F-CC74835D9C18}"
EndProject
Project("{2150E333-8FDC-42A3-9474-1A3956D46DE8}") = "Adpters", "Adpters", "{81BF1E97-2F16-4AB1-84D1-30C20828D0E5}"
EndProject
Project("{2150E333-8FDC-42A3-9474-1A3956D46DE8}") = "Core", "Core", "{BF62F483-7AB2-4DBA-95FD-74448630EDA0}"
EndProject
Project("{2150E333-8FDC-42A3-9474-1A3956D46DE8}") = "Driven", "Driven", "{B268210C-3A80-49EF-BBE4-B41697840BB9}"
EndProject
Project("{2150E333-8FDC-42A3-9474-1A3956D46DE8}") = "Driving", "Driving", "{311F862B-4A5A-4553-9364-BE1027CDFE33}"
EndProject
Project("{FAE04EC0-301F-11D3-BF4B-00C04F79EFBC}") = "Project.Metodista", "Project.Metodista\Project.Metodista.csproj", "{F00E3D89-025E-4B35-AC11-8D56C68E74D7}"
EndProject
Project("{FAE04EC0-301F-11D3-BF4B-00C04F79EFBC}") = "Project.Metodista.Operacoes", "Project.Metodista.Operacoes\Project.Metodista.Operacoes.csproj", "{AC61307F-699F-415D-A245-DE743A9624ED}"
EndProject
Project("{FAE04EC0-301F-11D3-BF4B-00C04F79EFBC}") = "Project.Metodista.Application", "Project.Metodista.Application\Project.Metodista.Application.csproj", "{5BCECED9-A888-4C62-BFE5-820F45E32E24}"
EndProject
Project("{FAE04EC0-301F-11D3-BF4B-00C04F79EFBC}") = "Project.Metodista.Domain", "Project.Metodista.Domain\Project.Metodista.Domain.csproj", "{CD9E4C78-87EA-47E8-ABC0-A7D51A2150DA}"
EndProject
Project("{FAE04EC0-301F-11D3-BF4B-00C04F79EFBC}") = "Projeto.Unitario.Tests", "Projeto.Unitario.Tests\Projeto.Unitario.Tests.csproj", "{0BCE35C5-4053-410B-8442-6CA457A6112E}"
EndProject
Global
	GlobalSection(SolutionConfigurationPlatforms) = preSolution
		Debug|Any CPU = Debug|Any CPU
		Release|Any CPU = Release|Any CPU
	EndGlobalSection
	GlobalSection(ProjectConfigurationPlatforms) = postSolution
		{F00E3D89-025E-4B35-AC11-8D56C68E74D7}.Debug|Any CPU.ActiveCfg = Debug|Any CPU
		{F00E3D89-025E-4B35-AC11-8D56C68E74D7}.Debug|Any CPU.Build.0 = Debug|Any CPU
		{F00E3D89-025E-4B35-AC11-8D56C68E74D7}.Release|Any CPU.ActiveCfg = Release|Any CPU
		{F00E3D89-025E-4B35-AC11-8D56C68E74D7}.Release|Any CPU.Build.0 = Release|Any CPU
		{AC61307F-699F-415D-A245-DE743A9624ED}.Debug|Any CPU.ActiveCfg = Debug|Any CPU
		{AC61307F-699F-415D-A245-DE743A9624ED}.Debug|Any CPU.Build.0 = Debug|Any CPU
		{AC61307F-699F-415D-A245-DE743A9624ED}.Release|Any CPU.ActiveCfg = Release|Any CPU
		{AC61307F-699F-415D-A245-DE743A9624ED}.Release|Any CPU.Build.0 = Release|Any CPU
		{5BCECED9-A888-4C62-BFE5-820F45E32E24}.Debug|Any CPU.ActiveCfg = Debug|Any CPU
		{5BCECED9-A888-4C62-BFE5-820F45E32E24}.Debug|Any CPU.Build.0 = Debug|Any CPU
		{5BCECED9-A888-4C62-BFE5-820F45E32E24}.Release|Any CPU.ActiveCfg = Release|Any CPU
		{5BCECED9-A888-4C62-BFE5-820F45E32E24}.Release|Any CPU.Build.0 = Release|Any CPU
		{CD9E4C78-87EA-47E8-ABC0-A7D51A2150DA}.Debug|Any CPU.ActiveCfg = Debug|Any CPU
		{CD9E4C78-87EA-47E8-ABC0-A7D51A2150DA}.Debug|Any CPU.Build.0 = Debug|Any CPU
		{CD9E4C78-87EA-47E8-ABC0-A7D51A2150DA}.Release|Any CPU.ActiveCfg = Release|Any CPU
		{CD9E4C78-87EA-47E8-ABC0-A7D51A2150DA}.Release|Any CPU.Build.0 = Release|Any CPU
		{0BCE35C5-4053-410B-8442-6CA457A6112E}.Debug|Any CPU.ActiveCfg = Debug|Any CPU
		{0BCE35C5-4053-410B-8442-6CA457A6112E}.Debug|Any CPU.Build.0 = Debug|Any CPU
		{0BCE35C5-4053-410B-8442-6CA457A6112E}.Release|Any CPU.ActiveCfg = Release|Any CPU
		{0BCE35C5-4053-410B-8442-6CA457A6112E}.Release|Any CPU.Build.0 = Release|Any CPU
	EndGlobalSection
	GlobalSection(SolutionProperties) = preSolution
		HideSolutionNode = FALSE
	EndGlobalSection
	GlobalSection(NestedProjects) = preSolution
		{81BF1E97-2F16-4AB1-84D1-30C20828D0E5} = {3FDB990E-43FD-429F-A896-710E594EB722}
		{BF62F483-7AB2-4DBA-95FD-74448630EDA0} = {3FDB990E-43FD-429F-A896-710E594EB722}
		{B268210C-3A80-49EF-BBE4-B41697840BB9} = {81BF1E97-2F16-4AB1-84D1-30C20828D0E5}
		{311F862B-4A5A-4553-9364-BE1027CDFE33} = {81BF1E97-2F16-4AB1-84D1-30C20828D0E5}
		{F00E3D89-025E-4B35-AC11-8D56C68E74D7} = {311F862B-4A5A-4553-9364-BE1027CDFE33}
		{AC61307F-699F-415D-A245-DE743A9624ED} = {B268210C-3A80-49EF-BBE4-B41697840BB9}
		{5BCECED9-A888-4C62-BFE5-820F45E32E24} = {BF62F483-7AB2-4DBA-95FD-74448630EDA0}
		{CD9E4C78-87EA-47E8-ABC0-A7D51A2150DA} = {BF62F483-7AB2-4DBA-95FD-74448630EDA0}
		{0BCE35C5-4053-410B-8442-6CA457A6112E} = {EB0D1B53-CFD0-433A-B05F-CC74835D9C18}
	EndGlobalSection
	GlobalSection(ExtensibilityGlobals) = postSolution
		SolutionGuid = {BCD5EE95-E084-4FDA-B0C8-8AAE5BC7B255}
	EndGlobalSection
EndGlobal
